
Microsoft Visual Studio Solution File, Format Version 12.00
# Visual Studio Version 16
VisualStudioVersion = 16.0.30104.148
MinimumVisualStudioVersion = 10.0.40219.1
Project("{2150E333-8FDC-42A3-9474-1A3956D46DE8}") = "Modules", "Modules", "{04A92B4B-9CF8-4986-AA90-AEC6EBBCAE27}"
EndProject
Project("{FAE04EC0-301F-11D3-BF4B-00C04F79EFBC}") = "StockTrader", "Modules\StockTrader\StockTrader.csproj", "{E934037A-70B6-4AAD-834E-535DD1F5C25F}"
EndProject
Project("{FAE04EC0-301F-11D3-BF4B-00C04F79EFBC}") = "TicTacToe", "Modules\TicTacToe\TicTacToe.csproj", "{110DFDD2-08D5-40B4-85D9-F2263ABB085F}"
EndProject
Project("{FAE04EC0-301F-11D3-BF4B-00C04F79EFBC}") = "StockWatcher", "..\StockWatcher\StockWatcher\StockWatcher.csproj", "{0531D128-E97F-42FF-BCF8-3F0A990D2599}"
EndProject
Project("{2150E333-8FDC-42A3-9474-1A3956D46DE8}") = "StockMarket", "StockMarket", "{020DF5F5-235D-447C-8C04-362AC3B0BD71}"
EndProject
Project("{2150E333-8FDC-42A3-9474-1A3956D46DE8}") = "StockSharp", "StockSharp", "{FFF76C76-7626-438E-9F3C-146CC70D4D0D}"
EndProject
Project("{FAE04EC0-301F-11D3-BF4B-00C04F79EFBC}") = "Algo", "..\StockSharp\Algo\Algo.csproj", "{2A5C6FAD-106C-4A4A-B602-77A6B1034CA2}"
EndProject
Project("{FAE04EC0-301F-11D3-BF4B-00C04F79EFBC}") = "BusinessEntities", "..\StockSharp\BusinessEntities\BusinessEntities.csproj", "{DCE69DB8-53CA-4B7F-9368-02F175A31074}"
EndProject
Project("{FAE04EC0-301F-11D3-BF4B-00C04F79EFBC}") = "Community", "..\StockSharp\Community\Community.csproj", "{E8E18F8F-97BD-41AE-8888-F54F2411D575}"
EndProject
Project("{FAE04EC0-301F-11D3-BF4B-00C04F79EFBC}") = "ConfigurationGitHub", "..\StockSharp\Configuration\ConfigurationGitHub.csproj", "{2CFF1903-4EF5-46F8-AB5D-BB623CA75CE6}"
EndProject
Project("{FAE04EC0-301F-11D3-BF4B-00C04F79EFBC}") = "Localization", "..\StockSharp\Localization\Localization.csproj", "{A98A81CE-75A1-4FAB-9C02-E6EEF4B51F4F}"
EndProject
Project("{FAE04EC0-301F-11D3-BF4B-00C04F79EFBC}") = "Logging", "..\StockSharp\Logging\Logging.csproj", "{C4476ADD-A3D5-41BB-9D43-55D865863B78}"
EndProject
Project("{FAE04EC0-301F-11D3-BF4B-00C04F79EFBC}") = "Messages", "..\StockSharp\Messages\Messages.csproj", "{B47F9C23-A4BD-46A9-BF27-54CB3D653503}"
EndProject
Project("{2150E333-8FDC-42A3-9474-1A3956D46DE8}") = "Games", "Games", "{7E992FCE-61EA-45F8-ADA4-DA5BB6211C0B}"
EndProject
Project("{2150E333-8FDC-42A3-9474-1A3956D46DE8}") = "Interaction", "Interaction", "{BB7DCBB3-A9CC-4E55-BD97-01C954A3A052}"
EndProject
Project("{FAE04EC0-301F-11D3-BF4B-00C04F79EFBC}") = "AIkailo.Core", "Core\AIkailo.Core.csproj", "{1370CA8F-2F88-4698-B7BE-2427D61C1D1C}"
EndProject
Project("{FAE04EC0-301F-11D3-BF4B-00C04F79EFBC}") = "AIkailo.External", "External\AIkailo.External.csproj", "{42EE0B5A-1D05-47EC-9A30-6C86BA507BA3}"
EndProject
Project("{FAE04EC0-301F-11D3-BF4B-00C04F79EFBC}") = "Interaction", "Modules\Interaction\Interaction.csproj", "{C43D7BFF-EE04-4459-8115-5E414F957081}"
EndProject
Project("{FAE04EC0-301F-11D3-BF4B-00C04F79EFBC}") = "AIkailo.Core.Common", "Core.Model\AIkailo.Core.Common.csproj", "{085FC83F-08D4-4FFE-B178-0F3B84DFFDA5}"
EndProject
Project("{FAE04EC0-301F-11D3-BF4B-00C04F79EFBC}") = "AIkailo.Data", "Data\AIkailo.Data.csproj", "{BCDBC13C-29EB-4565-96D4-29AA13959B4B}"
EndProject
Project("{FAE04EC0-301F-11D3-BF4B-00C04F79EFBC}") = "AIkailo.Logging", "Logging\AIkailo.Logging.csproj", "{3FCC8004-3929-4AC1-AF86-522EECF45976}"
EndProject
Project("{FAE04EC0-301F-11D3-BF4B-00C04F79EFBC}") = "AIkailo.Performance", "Performance\AIkailo.Performance.csproj", "{AB786FE9-DBC8-46B1-9951-A94A8388BB5C}"
EndProject
Project("{FAE04EC0-301F-11D3-BF4B-00C04F79EFBC}") = "AIkailo.Executive", "Executive\AIkailo.Executive.csproj", "{09FF5836-596E-41F9-8DA2-4492207FDE02}"
EndProject
Project("{2150E333-8FDC-42A3-9474-1A3956D46DE8}") = "External", "External", "{AAB52350-CD8D-4D0E-A2EC-96A299D10FB5}"
EndProject
Project("{FAE04EC0-301F-11D3-BF4B-00C04F79EFBC}") = "AIkailo.NeuralNetwork", "AIkailo.NeuralNetwork\AIkailo.NeuralNetwork.csproj", "{C15EDD61-2F62-4915-BB8A-56C6F4A87E66}"
EndProject
Project("{FAE04EC0-301F-11D3-BF4B-00C04F79EFBC}") = "AIkailo.External.Common", "External.Model\AIkailo.External.Common.csproj", "{67961BE6-A4DB-4A4C-94B7-8F80946D9F93}"
EndProject
Project("{888888A0-9F3D-457C-B088-3A5042F75D52}") = "AIkailo.Python", "Python\AIkailo.Python.pyproj", "{3896E9CE-012E-429E-B19B-586F34D113A1}"
EndProject
Global
	GlobalSection(SolutionConfigurationPlatforms) = preSolution
		Debug|Any CPU = Debug|Any CPU
		Debug|x64 = Debug|x64
		Release|Any CPU = Release|Any CPU
		Release|x64 = Release|x64
	EndGlobalSection
	GlobalSection(ProjectConfigurationPlatforms) = postSolution
		{E934037A-70B6-4AAD-834E-535DD1F5C25F}.Debug|Any CPU.ActiveCfg = Debug|Any CPU
		{E934037A-70B6-4AAD-834E-535DD1F5C25F}.Debug|Any CPU.Build.0 = Debug|Any CPU
		{E934037A-70B6-4AAD-834E-535DD1F5C25F}.Debug|x64.ActiveCfg = Debug|Any CPU
		{E934037A-70B6-4AAD-834E-535DD1F5C25F}.Debug|x64.Build.0 = Debug|Any CPU
		{E934037A-70B6-4AAD-834E-535DD1F5C25F}.Release|Any CPU.ActiveCfg = Release|Any CPU
		{E934037A-70B6-4AAD-834E-535DD1F5C25F}.Release|Any CPU.Build.0 = Release|Any CPU
		{E934037A-70B6-4AAD-834E-535DD1F5C25F}.Release|x64.ActiveCfg = Release|Any CPU
		{E934037A-70B6-4AAD-834E-535DD1F5C25F}.Release|x64.Build.0 = Release|Any CPU
		{110DFDD2-08D5-40B4-85D9-F2263ABB085F}.Debug|Any CPU.ActiveCfg = Debug|Any CPU
		{110DFDD2-08D5-40B4-85D9-F2263ABB085F}.Debug|Any CPU.Build.0 = Debug|Any CPU
		{110DFDD2-08D5-40B4-85D9-F2263ABB085F}.Debug|x64.ActiveCfg = Debug|Any CPU
		{110DFDD2-08D5-40B4-85D9-F2263ABB085F}.Debug|x64.Build.0 = Debug|Any CPU
		{110DFDD2-08D5-40B4-85D9-F2263ABB085F}.Release|Any CPU.ActiveCfg = Release|Any CPU
		{110DFDD2-08D5-40B4-85D9-F2263ABB085F}.Release|Any CPU.Build.0 = Release|Any CPU
		{110DFDD2-08D5-40B4-85D9-F2263ABB085F}.Release|x64.ActiveCfg = Release|Any CPU
		{110DFDD2-08D5-40B4-85D9-F2263ABB085F}.Release|x64.Build.0 = Release|Any CPU
		{0531D128-E97F-42FF-BCF8-3F0A990D2599}.Debug|Any CPU.ActiveCfg = Debug|Any CPU
		{0531D128-E97F-42FF-BCF8-3F0A990D2599}.Debug|Any CPU.Build.0 = Debug|Any CPU
		{0531D128-E97F-42FF-BCF8-3F0A990D2599}.Debug|x64.ActiveCfg = Debug|Any CPU
		{0531D128-E97F-42FF-BCF8-3F0A990D2599}.Debug|x64.Build.0 = Debug|Any CPU
		{0531D128-E97F-42FF-BCF8-3F0A990D2599}.Release|Any CPU.ActiveCfg = Release|Any CPU
		{0531D128-E97F-42FF-BCF8-3F0A990D2599}.Release|Any CPU.Build.0 = Release|Any CPU
		{0531D128-E97F-42FF-BCF8-3F0A990D2599}.Release|x64.ActiveCfg = Release|Any CPU
		{0531D128-E97F-42FF-BCF8-3F0A990D2599}.Release|x64.Build.0 = Release|Any CPU
		{2A5C6FAD-106C-4A4A-B602-77A6B1034CA2}.Debug|Any CPU.ActiveCfg = Debug|Any CPU
		{2A5C6FAD-106C-4A4A-B602-77A6B1034CA2}.Debug|Any CPU.Build.0 = Debug|Any CPU
		{2A5C6FAD-106C-4A4A-B602-77A6B1034CA2}.Debug|x64.ActiveCfg = Debug|Any CPU
		{2A5C6FAD-106C-4A4A-B602-77A6B1034CA2}.Debug|x64.Build.0 = Debug|Any CPU
		{2A5C6FAD-106C-4A4A-B602-77A6B1034CA2}.Release|Any CPU.ActiveCfg = Release|Any CPU
		{2A5C6FAD-106C-4A4A-B602-77A6B1034CA2}.Release|Any CPU.Build.0 = Release|Any CPU
		{2A5C6FAD-106C-4A4A-B602-77A6B1034CA2}.Release|x64.ActiveCfg = Release|Any CPU
		{2A5C6FAD-106C-4A4A-B602-77A6B1034CA2}.Release|x64.Build.0 = Release|Any CPU
		{DCE69DB8-53CA-4B7F-9368-02F175A31074}.Debug|Any CPU.ActiveCfg = Debug|Any CPU
		{DCE69DB8-53CA-4B7F-9368-02F175A31074}.Debug|Any CPU.Build.0 = Debug|Any CPU
		{DCE69DB8-53CA-4B7F-9368-02F175A31074}.Debug|x64.ActiveCfg = Debug|Any CPU
		{DCE69DB8-53CA-4B7F-9368-02F175A31074}.Debug|x64.Build.0 = Debug|Any CPU
		{DCE69DB8-53CA-4B7F-9368-02F175A31074}.Release|Any CPU.ActiveCfg = Release|Any CPU
		{DCE69DB8-53CA-4B7F-9368-02F175A31074}.Release|Any CPU.Build.0 = Release|Any CPU
		{DCE69DB8-53CA-4B7F-9368-02F175A31074}.Release|x64.ActiveCfg = Release|Any CPU
		{DCE69DB8-53CA-4B7F-9368-02F175A31074}.Release|x64.Build.0 = Release|Any CPU
		{E8E18F8F-97BD-41AE-8888-F54F2411D575}.Debug|Any CPU.ActiveCfg = Debug|Any CPU
		{E8E18F8F-97BD-41AE-8888-F54F2411D575}.Debug|Any CPU.Build.0 = Debug|Any CPU
		{E8E18F8F-97BD-41AE-8888-F54F2411D575}.Debug|x64.ActiveCfg = Debug|Any CPU
		{E8E18F8F-97BD-41AE-8888-F54F2411D575}.Debug|x64.Build.0 = Debug|Any CPU
		{E8E18F8F-97BD-41AE-8888-F54F2411D575}.Release|Any CPU.ActiveCfg = Release|Any CPU
		{E8E18F8F-97BD-41AE-8888-F54F2411D575}.Release|Any CPU.Build.0 = Release|Any CPU
		{E8E18F8F-97BD-41AE-8888-F54F2411D575}.Release|x64.ActiveCfg = Release|Any CPU
		{E8E18F8F-97BD-41AE-8888-F54F2411D575}.Release|x64.Build.0 = Release|Any CPU
		{2CFF1903-4EF5-46F8-AB5D-BB623CA75CE6}.Debug|Any CPU.ActiveCfg = Debug|Any CPU
		{2CFF1903-4EF5-46F8-AB5D-BB623CA75CE6}.Debug|Any CPU.Build.0 = Debug|Any CPU
		{2CFF1903-4EF5-46F8-AB5D-BB623CA75CE6}.Debug|x64.ActiveCfg = Debug|Any CPU
		{2CFF1903-4EF5-46F8-AB5D-BB623CA75CE6}.Debug|x64.Build.0 = Debug|Any CPU
		{2CFF1903-4EF5-46F8-AB5D-BB623CA75CE6}.Release|Any CPU.ActiveCfg = Release|Any CPU
		{2CFF1903-4EF5-46F8-AB5D-BB623CA75CE6}.Release|Any CPU.Build.0 = Release|Any CPU
		{2CFF1903-4EF5-46F8-AB5D-BB623CA75CE6}.Release|x64.ActiveCfg = Release|Any CPU
		{2CFF1903-4EF5-46F8-AB5D-BB623CA75CE6}.Release|x64.Build.0 = Release|Any CPU
		{A98A81CE-75A1-4FAB-9C02-E6EEF4B51F4F}.Debug|Any CPU.ActiveCfg = Debug|Any CPU
		{A98A81CE-75A1-4FAB-9C02-E6EEF4B51F4F}.Debug|Any CPU.Build.0 = Debug|Any CPU
		{A98A81CE-75A1-4FAB-9C02-E6EEF4B51F4F}.Debug|x64.ActiveCfg = Debug|Any CPU
		{A98A81CE-75A1-4FAB-9C02-E6EEF4B51F4F}.Debug|x64.Build.0 = Debug|Any CPU
		{A98A81CE-75A1-4FAB-9C02-E6EEF4B51F4F}.Release|Any CPU.ActiveCfg = Release|Any CPU
		{A98A81CE-75A1-4FAB-9C02-E6EEF4B51F4F}.Release|Any CPU.Build.0 = Release|Any CPU
		{A98A81CE-75A1-4FAB-9C02-E6EEF4B51F4F}.Release|x64.ActiveCfg = Release|Any CPU
		{A98A81CE-75A1-4FAB-9C02-E6EEF4B51F4F}.Release|x64.Build.0 = Release|Any CPU
		{C4476ADD-A3D5-41BB-9D43-55D865863B78}.Debug|Any CPU.ActiveCfg = Debug|Any CPU
		{C4476ADD-A3D5-41BB-9D43-55D865863B78}.Debug|Any CPU.Build.0 = Debug|Any CPU
		{C4476ADD-A3D5-41BB-9D43-55D865863B78}.Debug|x64.ActiveCfg = Debug|Any CPU
		{C4476ADD-A3D5-41BB-9D43-55D865863B78}.Debug|x64.Build.0 = Debug|Any CPU
		{C4476ADD-A3D5-41BB-9D43-55D865863B78}.Release|Any CPU.ActiveCfg = Release|Any CPU
		{C4476ADD-A3D5-41BB-9D43-55D865863B78}.Release|Any CPU.Build.0 = Release|Any CPU
		{C4476ADD-A3D5-41BB-9D43-55D865863B78}.Release|x64.ActiveCfg = Release|Any CPU
		{C4476ADD-A3D5-41BB-9D43-55D865863B78}.Release|x64.Build.0 = Release|Any CPU
		{B47F9C23-A4BD-46A9-BF27-54CB3D653503}.Debug|Any CPU.ActiveCfg = Debug|Any CPU
		{B47F9C23-A4BD-46A9-BF27-54CB3D653503}.Debug|Any CPU.Build.0 = Debug|Any CPU
		{B47F9C23-A4BD-46A9-BF27-54CB3D653503}.Debug|x64.ActiveCfg = Debug|Any CPU
		{B47F9C23-A4BD-46A9-BF27-54CB3D653503}.Debug|x64.Build.0 = Debug|Any CPU
		{B47F9C23-A4BD-46A9-BF27-54CB3D653503}.Release|Any CPU.ActiveCfg = Release|Any CPU
		{B47F9C23-A4BD-46A9-BF27-54CB3D653503}.Release|Any CPU.Build.0 = Release|Any CPU
		{B47F9C23-A4BD-46A9-BF27-54CB3D653503}.Release|x64.ActiveCfg = Release|Any CPU
		{B47F9C23-A4BD-46A9-BF27-54CB3D653503}.Release|x64.Build.0 = Release|Any CPU
		{1370CA8F-2F88-4698-B7BE-2427D61C1D1C}.Debug|Any CPU.ActiveCfg = Debug|Any CPU
		{1370CA8F-2F88-4698-B7BE-2427D61C1D1C}.Debug|Any CPU.Build.0 = Debug|Any CPU
		{1370CA8F-2F88-4698-B7BE-2427D61C1D1C}.Debug|x64.ActiveCfg = Debug|Any CPU
		{1370CA8F-2F88-4698-B7BE-2427D61C1D1C}.Debug|x64.Build.0 = Debug|Any CPU
		{1370CA8F-2F88-4698-B7BE-2427D61C1D1C}.Release|Any CPU.ActiveCfg = Release|Any CPU
		{1370CA8F-2F88-4698-B7BE-2427D61C1D1C}.Release|Any CPU.Build.0 = Release|Any CPU
		{1370CA8F-2F88-4698-B7BE-2427D61C1D1C}.Release|x64.ActiveCfg = Release|Any CPU
		{1370CA8F-2F88-4698-B7BE-2427D61C1D1C}.Release|x64.Build.0 = Release|Any CPU
		{42EE0B5A-1D05-47EC-9A30-6C86BA507BA3}.Debug|Any CPU.ActiveCfg = Debug|Any CPU
		{42EE0B5A-1D05-47EC-9A30-6C86BA507BA3}.Debug|Any CPU.Build.0 = Debug|Any CPU
		{42EE0B5A-1D05-47EC-9A30-6C86BA507BA3}.Debug|x64.ActiveCfg = Debug|Any CPU
		{42EE0B5A-1D05-47EC-9A30-6C86BA507BA3}.Debug|x64.Build.0 = Debug|Any CPU
		{42EE0B5A-1D05-47EC-9A30-6C86BA507BA3}.Release|Any CPU.ActiveCfg = Release|Any CPU
		{42EE0B5A-1D05-47EC-9A30-6C86BA507BA3}.Release|Any CPU.Build.0 = Release|Any CPU
		{42EE0B5A-1D05-47EC-9A30-6C86BA507BA3}.Release|x64.ActiveCfg = Release|Any CPU
		{42EE0B5A-1D05-47EC-9A30-6C86BA507BA3}.Release|x64.Build.0 = Release|Any CPU
		{C43D7BFF-EE04-4459-8115-5E414F957081}.Debug|Any CPU.ActiveCfg = Debug|Any CPU
		{C43D7BFF-EE04-4459-8115-5E414F957081}.Debug|Any CPU.Build.0 = Debug|Any CPU
		{C43D7BFF-EE04-4459-8115-5E414F957081}.Debug|x64.ActiveCfg = Debug|Any CPU
		{C43D7BFF-EE04-4459-8115-5E414F957081}.Debug|x64.Build.0 = Debug|Any CPU
		{C43D7BFF-EE04-4459-8115-5E414F957081}.Release|Any CPU.ActiveCfg = Release|Any CPU
		{C43D7BFF-EE04-4459-8115-5E414F957081}.Release|Any CPU.Build.0 = Release|Any CPU
		{C43D7BFF-EE04-4459-8115-5E414F957081}.Release|x64.ActiveCfg = Release|Any CPU
		{C43D7BFF-EE04-4459-8115-5E414F957081}.Release|x64.Build.0 = Release|Any CPU
		{085FC83F-08D4-4FFE-B178-0F3B84DFFDA5}.Debug|Any CPU.ActiveCfg = Debug|Any CPU
		{085FC83F-08D4-4FFE-B178-0F3B84DFFDA5}.Debug|Any CPU.Build.0 = Debug|Any CPU
		{085FC83F-08D4-4FFE-B178-0F3B84DFFDA5}.Debug|x64.ActiveCfg = Debug|Any CPU
		{085FC83F-08D4-4FFE-B178-0F3B84DFFDA5}.Debug|x64.Build.0 = Debug|Any CPU
		{085FC83F-08D4-4FFE-B178-0F3B84DFFDA5}.Release|Any CPU.ActiveCfg = Release|Any CPU
		{085FC83F-08D4-4FFE-B178-0F3B84DFFDA5}.Release|Any CPU.Build.0 = Release|Any CPU
		{085FC83F-08D4-4FFE-B178-0F3B84DFFDA5}.Release|x64.ActiveCfg = Release|Any CPU
		{085FC83F-08D4-4FFE-B178-0F3B84DFFDA5}.Release|x64.Build.0 = Release|Any CPU
		{BCDBC13C-29EB-4565-96D4-29AA13959B4B}.Debug|Any CPU.ActiveCfg = Debug|Any CPU
		{BCDBC13C-29EB-4565-96D4-29AA13959B4B}.Debug|Any CPU.Build.0 = Debug|Any CPU
		{BCDBC13C-29EB-4565-96D4-29AA13959B4B}.Debug|x64.ActiveCfg = Debug|x64
		{BCDBC13C-29EB-4565-96D4-29AA13959B4B}.Debug|x64.Build.0 = Debug|x64
		{BCDBC13C-29EB-4565-96D4-29AA13959B4B}.Release|Any CPU.ActiveCfg = Release|Any CPU
		{BCDBC13C-29EB-4565-96D4-29AA13959B4B}.Release|Any CPU.Build.0 = Release|Any CPU
		{BCDBC13C-29EB-4565-96D4-29AA13959B4B}.Release|x64.ActiveCfg = Release|Any CPU
		{BCDBC13C-29EB-4565-96D4-29AA13959B4B}.Release|x64.Build.0 = Release|Any CPU
		{3FCC8004-3929-4AC1-AF86-522EECF45976}.Debug|Any CPU.ActiveCfg = Debug|Any CPU
		{3FCC8004-3929-4AC1-AF86-522EECF45976}.Debug|Any CPU.Build.0 = Debug|Any CPU
		{3FCC8004-3929-4AC1-AF86-522EECF45976}.Debug|x64.ActiveCfg = Debug|Any CPU
		{3FCC8004-3929-4AC1-AF86-522EECF45976}.Debug|x64.Build.0 = Debug|Any CPU
		{3FCC8004-3929-4AC1-AF86-522EECF45976}.Release|Any CPU.ActiveCfg = Release|Any CPU
		{3FCC8004-3929-4AC1-AF86-522EECF45976}.Release|Any CPU.Build.0 = Release|Any CPU
		{3FCC8004-3929-4AC1-AF86-522EECF45976}.Release|x64.ActiveCfg = Release|Any CPU
		{3FCC8004-3929-4AC1-AF86-522EECF45976}.Release|x64.Build.0 = Release|Any CPU
		{AB786FE9-DBC8-46B1-9951-A94A8388BB5C}.Debug|Any CPU.ActiveCfg = Debug|Any CPU
		{AB786FE9-DBC8-46B1-9951-A94A8388BB5C}.Debug|Any CPU.Build.0 = Debug|Any CPU
		{AB786FE9-DBC8-46B1-9951-A94A8388BB5C}.Debug|x64.ActiveCfg = Debug|Any CPU
		{AB786FE9-DBC8-46B1-9951-A94A8388BB5C}.Debug|x64.Build.0 = Debug|Any CPU
		{AB786FE9-DBC8-46B1-9951-A94A8388BB5C}.Release|Any CPU.ActiveCfg = Release|Any CPU
		{AB786FE9-DBC8-46B1-9951-A94A8388BB5C}.Release|Any CPU.Build.0 = Release|Any CPU
		{AB786FE9-DBC8-46B1-9951-A94A8388BB5C}.Release|x64.ActiveCfg = Release|Any CPU
		{AB786FE9-DBC8-46B1-9951-A94A8388BB5C}.Release|x64.Build.0 = Release|Any CPU
		{09FF5836-596E-41F9-8DA2-4492207FDE02}.Debug|Any CPU.ActiveCfg = Debug|Any CPU
		{09FF5836-596E-41F9-8DA2-4492207FDE02}.Debug|Any CPU.Build.0 = Debug|Any CPU
		{09FF5836-596E-41F9-8DA2-4492207FDE02}.Debug|x64.ActiveCfg = Debug|x64
		{09FF5836-596E-41F9-8DA2-4492207FDE02}.Debug|x64.Build.0 = Debug|x64
		{09FF5836-596E-41F9-8DA2-4492207FDE02}.Release|Any CPU.ActiveCfg = Release|Any CPU
		{09FF5836-596E-41F9-8DA2-4492207FDE02}.Release|Any CPU.Build.0 = Release|Any CPU
		{09FF5836-596E-41F9-8DA2-4492207FDE02}.Release|x64.ActiveCfg = Release|Any CPU
		{09FF5836-596E-41F9-8DA2-4492207FDE02}.Release|x64.Build.0 = Release|Any CPU
		{C15EDD61-2F62-4915-BB8A-56C6F4A87E66}.Debug|Any CPU.ActiveCfg = Debug|Any CPU
		{C15EDD61-2F62-4915-BB8A-56C6F4A87E66}.Debug|Any CPU.Build.0 = Debug|Any CPU
		{C15EDD61-2F62-4915-BB8A-56C6F4A87E66}.Debug|x64.ActiveCfg = Debug|x64
		{C15EDD61-2F62-4915-BB8A-56C6F4A87E66}.Debug|x64.Build.0 = Debug|x64
		{C15EDD61-2F62-4915-BB8A-56C6F4A87E66}.Release|Any CPU.ActiveCfg = Release|Any CPU
		{C15EDD61-2F62-4915-BB8A-56C6F4A87E66}.Release|Any CPU.Build.0 = Release|Any CPU
		{C15EDD61-2F62-4915-BB8A-56C6F4A87E66}.Release|x64.ActiveCfg = Release|Any CPU
		{C15EDD61-2F62-4915-BB8A-56C6F4A87E66}.Release|x64.Build.0 = Release|Any CPU
		{67961BE6-A4DB-4A4C-94B7-8F80946D9F93}.Debug|Any CPU.ActiveCfg = Debug|Any CPU
		{67961BE6-A4DB-4A4C-94B7-8F80946D9F93}.Debug|Any CPU.Build.0 = Debug|Any CPU
		{67961BE6-A4DB-4A4C-94B7-8F80946D9F93}.Debug|x64.ActiveCfg = Debug|Any CPU
		{67961BE6-A4DB-4A4C-94B7-8F80946D9F93}.Debug|x64.Build.0 = Debug|Any CPU
		{67961BE6-A4DB-4A4C-94B7-8F80946D9F93}.Release|Any CPU.ActiveCfg = Release|Any CPU
		{67961BE6-A4DB-4A4C-94B7-8F80946D9F93}.Release|Any CPU.Build.0 = Release|Any CPU
		{67961BE6-A4DB-4A4C-94B7-8F80946D9F93}.Release|x64.ActiveCfg = Release|Any CPU
		{67961BE6-A4DB-4A4C-94B7-8F80946D9F93}.Release|x64.Build.0 = Release|Any CPU
		{3896E9CE-012E-429E-B19B-586F34D113A1}.Debug|Any CPU.ActiveCfg = Debug|Any CPU
		{3896E9CE-012E-429E-B19B-586F34D113A1}.Debug|x64.ActiveCfg = Debug|Any CPU
		{3896E9CE-012E-429E-B19B-586F34D113A1}.Release|Any CPU.ActiveCfg = Release|Any CPU
		{3896E9CE-012E-429E-B19B-586F34D113A1}.Release|x64.ActiveCfg = Release|Any CPU
	EndGlobalSection
	GlobalSection(SolutionProperties) = preSolution
		HideSolutionNode = FALSE
	EndGlobalSection
	GlobalSection(NestedProjects) = preSolution
		{E934037A-70B6-4AAD-834E-535DD1F5C25F} = {020DF5F5-235D-447C-8C04-362AC3B0BD71}
		{110DFDD2-08D5-40B4-85D9-F2263ABB085F} = {7E992FCE-61EA-45F8-ADA4-DA5BB6211C0B}
		{0531D128-E97F-42FF-BCF8-3F0A990D2599} = {020DF5F5-235D-447C-8C04-362AC3B0BD71}
		{020DF5F5-235D-447C-8C04-362AC3B0BD71} = {04A92B4B-9CF8-4986-AA90-AEC6EBBCAE27}
		{FFF76C76-7626-438E-9F3C-146CC70D4D0D} = {020DF5F5-235D-447C-8C04-362AC3B0BD71}
		{2A5C6FAD-106C-4A4A-B602-77A6B1034CA2} = {FFF76C76-7626-438E-9F3C-146CC70D4D0D}
		{DCE69DB8-53CA-4B7F-9368-02F175A31074} = {FFF76C76-7626-438E-9F3C-146CC70D4D0D}
		{E8E18F8F-97BD-41AE-8888-F54F2411D575} = {FFF76C76-7626-438E-9F3C-146CC70D4D0D}
		{2CFF1903-4EF5-46F8-AB5D-BB623CA75CE6} = {FFF76C76-7626-438E-9F3C-146CC70D4D0D}
		{A98A81CE-75A1-4FAB-9C02-E6EEF4B51F4F} = {FFF76C76-7626-438E-9F3C-146CC70D4D0D}
		{C4476ADD-A3D5-41BB-9D43-55D865863B78} = {FFF76C76-7626-438E-9F3C-146CC70D4D0D}
		{B47F9C23-A4BD-46A9-BF27-54CB3D653503} = {FFF76C76-7626-438E-9F3C-146CC70D4D0D}
		{7E992FCE-61EA-45F8-ADA4-DA5BB6211C0B} = {04A92B4B-9CF8-4986-AA90-AEC6EBBCAE27}
		{BB7DCBB3-A9CC-4E55-BD97-01C954A3A052} = {04A92B4B-9CF8-4986-AA90-AEC6EBBCAE27}
		{42EE0B5A-1D05-47EC-9A30-6C86BA507BA3} = {AAB52350-CD8D-4D0E-A2EC-96A299D10FB5}
		{C43D7BFF-EE04-4459-8115-5E414F957081} = {BB7DCBB3-A9CC-4E55-BD97-01C954A3A052}
		{67961BE6-A4DB-4A4C-94B7-8F80946D9F93} = {AAB52350-CD8D-4D0E-A2EC-96A299D10FB5}
	EndGlobalSection
	GlobalSection(ExtensibilityGlobals) = postSolution
		SolutionGuid = {4E237A3C-FDFE-4EAF-8014-ACF09979E6A8}
	EndGlobalSection
EndGlobal
